
Microsoft Visual Studio Solution File, Format Version 12.00
# Visual Studio Version 17
VisualStudioVersion = 17.3.32819.101
MinimumVisualStudioVersion = 10.0.40219.1
Project("{FAE04EC0-301F-11D3-BF4B-00C04F79EFBC}") = "InventoryDataManagement", "InventoryDataManagement.csproj", "{030D6B36-B5C8-4866-B57C-09C2054CA5C3}"
EndProject
Global
	GlobalSection(SolutionConfigurationPlatforms) = preSolution
		Debug|Any CPU = Debug|Any CPU
		Release|Any CPU = Release|Any CPU
	EndGlobalSection
	GlobalSection(ProjectConfigurationPlatforms) = postSolution
		{030D6B36-B5C8-4866-B57C-09C2054CA5C3}.Debug|Any CPU.ActiveCfg = Debug|Any CPU
		{030D6B36-B5C8-4866-B57C-09C2054CA5C3}.Debug|Any CPU.Build.0 = Debug|Any CPU
		{030D6B36-B5C8-4866-B57C-09C2054CA5C3}.Release|Any CPU.ActiveCfg = Release|Any CPU
		{030D6B36-B5C8-4866-B57C-09C2054CA5C3}.Release|Any CPU.Build.0 = Release|Any CPU
	EndGlobalSection
	GlobalSection(SolutionProperties) = preSolution
		HideSolutionNode = FALSE
	EndGlobalSection
	GlobalSection(ExtensibilityGlobals) = postSolution
		SolutionGuid = {7415F0EF-299D-41DE-861D-CD7BAD1F2164}
	EndGlobalSection
EndGlobal
